
Microsoft Visual Studio Solution File, Format Version 12.00
Project("{2150E333-8FDC-42A3-9474-1A3956D46DE8}") = "Server", "Server", "{24CAB815-5BC1-4944-B634-C2B5F816DA21}"
EndProject
Project("{FAE04EC0-301F-11D3-BF4B-00C04F79EFBC}") = "Entities", "Entities\Entities.csproj", "{2F27052C-BE07-4FAF-84E0-462C107AC2F9}"
EndProject
Project("{FAE04EC0-301F-11D3-BF4B-00C04F79EFBC}") = "RepositoryContracts", "RepositoryContracts\RepositoryContracts.csproj", "{EA600DBD-123B-422D-BC20-0600BF45F39C}"
EndProject
Project("{FAE04EC0-301F-11D3-BF4B-00C04F79EFBC}") = "CLI", "CLI\CLI.csproj", "{888B95D3-4919-459D-B0A2-398F17F5FFB7}"
EndProject
Project("{FAE04EC0-301F-11D3-BF4B-00C04F79EFBC}") = "FileRepositories", "FileRepositories\FileRepositories.csproj", "{E9456440-93D3-4DDE-BB6D-84253F220AB7}"
EndProject
Project("{2150E333-8FDC-42A3-9474-1A3956D46DE8}") = "Shared", "Shared", "{D4C950C5-3E35-4629-910F-86FB2210DECC}"
EndProject
Project("{FAE04EC0-301F-11D3-BF4B-00C04F79EFBC}") = "ApiContracts", "ApiContracts\ApiContracts.csproj", "{224DD280-465E-4EC1-8F80-1C43A5E67CDD}"
EndProject
Project("{FAE04EC0-301F-11D3-BF4B-00C04F79EFBC}") = "WebAPI", "WebAPI\WebAPI.csproj", "{78E57142-4306-4BD1-A929-CDF65377E2DB}"
EndProject
Project("{2150E333-8FDC-42A3-9474-1A3956D46DE8}") = "Client", "Client", "{D4980C15-CFB6-460C-B3C1-2339BE557E13}"
EndProject
Project("{FAE04EC0-301F-11D3-BF4B-00C04F79EFBC}") = "BlazorApp", "BlazorApp\BlazorApp.csproj", "{CE74F5DA-4344-4601-AD68-EADDF3097B49}"
EndProject
Global
	GlobalSection(SolutionConfigurationPlatforms) = preSolution
		Debug|Any CPU = Debug|Any CPU
		Release|Any CPU = Release|Any CPU
	EndGlobalSection
	GlobalSection(NestedProjects) = preSolution
		{2F27052C-BE07-4FAF-84E0-462C107AC2F9} = {24CAB815-5BC1-4944-B634-C2B5F816DA21}
		{EA600DBD-123B-422D-BC20-0600BF45F39C} = {24CAB815-5BC1-4944-B634-C2B5F816DA21}
		{888B95D3-4919-459D-B0A2-398F17F5FFB7} = {24CAB815-5BC1-4944-B634-C2B5F816DA21}
		{E9456440-93D3-4DDE-BB6D-84253F220AB7} = {24CAB815-5BC1-4944-B634-C2B5F816DA21}
		{224DD280-465E-4EC1-8F80-1C43A5E67CDD} = {D4C950C5-3E35-4629-910F-86FB2210DECC}
		{78E57142-4306-4BD1-A929-CDF65377E2DB} = {24CAB815-5BC1-4944-B634-C2B5F816DA21}
		{CE74F5DA-4344-4601-AD68-EADDF3097B49} = {D4980C15-CFB6-460C-B3C1-2339BE557E13}
	EndGlobalSection
	GlobalSection(ProjectConfigurationPlatforms) = postSolution
		{2F27052C-BE07-4FAF-84E0-462C107AC2F9}.Debug|Any CPU.ActiveCfg = Debug|Any CPU
		{2F27052C-BE07-4FAF-84E0-462C107AC2F9}.Debug|Any CPU.Build.0 = Debug|Any CPU
		{2F27052C-BE07-4FAF-84E0-462C107AC2F9}.Release|Any CPU.ActiveCfg = Release|Any CPU
		{2F27052C-BE07-4FAF-84E0-462C107AC2F9}.Release|Any CPU.Build.0 = Release|Any CPU
		{EA600DBD-123B-422D-BC20-0600BF45F39C}.Debug|Any CPU.ActiveCfg = Debug|Any CPU
		{EA600DBD-123B-422D-BC20-0600BF45F39C}.Debug|Any CPU.Build.0 = Debug|Any CPU
		{EA600DBD-123B-422D-BC20-0600BF45F39C}.Release|Any CPU.ActiveCfg = Release|Any CPU
		{EA600DBD-123B-422D-BC20-0600BF45F39C}.Release|Any CPU.Build.0 = Release|Any CPU
		{888B95D3-4919-459D-B0A2-398F17F5FFB7}.Debug|Any CPU.ActiveCfg = Debug|Any CPU
		{888B95D3-4919-459D-B0A2-398F17F5FFB7}.Debug|Any CPU.Build.0 = Debug|Any CPU
		{888B95D3-4919-459D-B0A2-398F17F5FFB7}.Release|Any CPU.ActiveCfg = Release|Any CPU
		{888B95D3-4919-459D-B0A2-398F17F5FFB7}.Release|Any CPU.Build.0 = Release|Any CPU
		{E9456440-93D3-4DDE-BB6D-84253F220AB7}.Debug|Any CPU.ActiveCfg = Debug|Any CPU
		{E9456440-93D3-4DDE-BB6D-84253F220AB7}.Debug|Any CPU.Build.0 = Debug|Any CPU
		{E9456440-93D3-4DDE-BB6D-84253F220AB7}.Release|Any CPU.ActiveCfg = Release|Any CPU
		{E9456440-93D3-4DDE-BB6D-84253F220AB7}.Release|Any CPU.Build.0 = Release|Any CPU
		{224DD280-465E-4EC1-8F80-1C43A5E67CDD}.Debug|Any CPU.ActiveCfg = Debug|Any CPU
		{224DD280-465E-4EC1-8F80-1C43A5E67CDD}.Debug|Any CPU.Build.0 = Debug|Any CPU
		{224DD280-465E-4EC1-8F80-1C43A5E67CDD}.Release|Any CPU.ActiveCfg = Release|Any CPU
		{224DD280-465E-4EC1-8F80-1C43A5E67CDD}.Release|Any CPU.Build.0 = Release|Any CPU
		{78E57142-4306-4BD1-A929-CDF65377E2DB}.Debug|Any CPU.ActiveCfg = Debug|Any CPU
		{78E57142-4306-4BD1-A929-CDF65377E2DB}.Debug|Any CPU.Build.0 = Debug|Any CPU
		{78E57142-4306-4BD1-A929-CDF65377E2DB}.Release|Any CPU.ActiveCfg = Release|Any CPU
		{78E57142-4306-4BD1-A929-CDF65377E2DB}.Release|Any CPU.Build.0 = Release|Any CPU
		{CE74F5DA-4344-4601-AD68-EADDF3097B49}.Debug|Any CPU.ActiveCfg = Debug|Any CPU
		{CE74F5DA-4344-4601-AD68-EADDF3097B49}.Debug|Any CPU.Build.0 = Debug|Any CPU
		{CE74F5DA-4344-4601-AD68-EADDF3097B49}.Release|Any CPU.ActiveCfg = Release|Any CPU
		{CE74F5DA-4344-4601-AD68-EADDF3097B49}.Release|Any CPU.Build.0 = Release|Any CPU
	EndGlobalSection
EndGlobal
